
Microsoft Visual Studio Solution File, Format Version 12.00
# Visual Studio 15
VisualStudioVersion = 15.0.27130.2010
MinimumVisualStudioVersion = 10.0.40219.1
Project("{FAE04EC0-301F-11D3-BF4B-00C04F79EFBC}") = "WindowsFormsApp1", "WindowsFormsApp1\WindowsFormsApp1.csproj", "{60B765CA-C064-4657-B205-4FC5AD753A5A}"
EndProject
Global
	GlobalSection(SolutionConfigurationPlatforms) = preSolution
		Debug|Any CPU = Debug|Any CPU
		Release|Any CPU = Release|Any CPU
	EndGlobalSection
	GlobalSection(ProjectConfigurationPlatforms) = postSolution
		{60B765CA-C064-4657-B205-4FC5AD753A5A}.Debug|Any CPU.ActiveCfg = Debug|Any CPU
		{60B765CA-C064-4657-B205-4FC5AD753A5A}.Debug|Any CPU.Build.0 = Debug|Any CPU
		{60B765CA-C064-4657-B205-4FC5AD753A5A}.Release|Any CPU.ActiveCfg = Release|Any CPU
		{60B765CA-C064-4657-B205-4FC5AD753A5A}.Release|Any CPU.Build.0 = Release|Any CPU
	EndGlobalSection
	GlobalSection(SolutionProperties) = preSolution
		HideSolutionNode = FALSE
	EndGlobalSection
	GlobalSection(ExtensibilityGlobals) = postSolution
		SolutionGuid = {E81945ED-2454-4F12-B262-63DCBF137DAF}
	EndGlobalSection
EndGlobal
