
Microsoft Visual Studio Solution File, Format Version 12.00
# Visual Studio 15
VisualStudioVersion = 15.0.27130.2010
MinimumVisualStudioVersion = 10.0.40219.1
Project("{FAE04EC0-301F-11D3-BF4B-00C04F79EFBC}") = "WindowsFormsApp1", "WindowsFormsApp1\WindowsFormsApp1.csproj", "{5D794E87-0777-4545-A521-CB4B145BD3CD}"
EndProject
Global
	GlobalSection(SolutionConfigurationPlatforms) = preSolution
		Debug|Any CPU = Debug|Any CPU
		Release|Any CPU = Release|Any CPU
	EndGlobalSection
	GlobalSection(ProjectConfigurationPlatforms) = postSolution
		{5D794E87-0777-4545-A521-CB4B145BD3CD}.Debug|Any CPU.ActiveCfg = Debug|Any CPU
		{5D794E87-0777-4545-A521-CB4B145BD3CD}.Debug|Any CPU.Build.0 = Debug|Any CPU
		{5D794E87-0777-4545-A521-CB4B145BD3CD}.Release|Any CPU.ActiveCfg = Release|Any CPU
		{5D794E87-0777-4545-A521-CB4B145BD3CD}.Release|Any CPU.Build.0 = Release|Any CPU
	EndGlobalSection
	GlobalSection(SolutionProperties) = preSolution
		HideSolutionNode = FALSE
	EndGlobalSection
	GlobalSection(ExtensibilityGlobals) = postSolution
		SolutionGuid = {75B193BE-E6EB-4FFE-BF0B-239AA7A94B96}
	EndGlobalSection
EndGlobal
