
Microsoft Visual Studio Solution File, Format Version 12.00
# Visual Studio 15
VisualStudioVersion = 15.0.27130.2010
MinimumVisualStudioVersion = 10.0.40219.1
Project("{FAE04EC0-301F-11D3-BF4B-00C04F79EFBC}") = "Threads1", "Threads1\Threads1.csproj", "{DEAAA95F-54F3-4B9F-A8EF-3E35C36B5AF9}"
EndProject
Global
	GlobalSection(SolutionConfigurationPlatforms) = preSolution
		Debug|Any CPU = Debug|Any CPU
		Release|Any CPU = Release|Any CPU
	EndGlobalSection
	GlobalSection(ProjectConfigurationPlatforms) = postSolution
		{DEAAA95F-54F3-4B9F-A8EF-3E35C36B5AF9}.Debug|Any CPU.ActiveCfg = Debug|Any CPU
		{DEAAA95F-54F3-4B9F-A8EF-3E35C36B5AF9}.Debug|Any CPU.Build.0 = Debug|Any CPU
		{DEAAA95F-54F3-4B9F-A8EF-3E35C36B5AF9}.Release|Any CPU.ActiveCfg = Release|Any CPU
		{DEAAA95F-54F3-4B9F-A8EF-3E35C36B5AF9}.Release|Any CPU.Build.0 = Release|Any CPU
	EndGlobalSection
	GlobalSection(SolutionProperties) = preSolution
		HideSolutionNode = FALSE
	EndGlobalSection
	GlobalSection(ExtensibilityGlobals) = postSolution
		SolutionGuid = {C7E6A0D7-534F-475B-A8D0-35D2058F5BCA}
	EndGlobalSection
EndGlobal
