
Microsoft Visual Studio Solution File, Format Version 12.00
# Visual Studio 15
VisualStudioVersion = 15.0.27130.2010
MinimumVisualStudioVersion = 10.0.40219.1
Project("{FAE04EC0-301F-11D3-BF4B-00C04F79EFBC}") = "WindowsFormsApp5", "WindowsFormsApp5\WindowsFormsApp5.csproj", "{C1CE5D83-EB07-4E82-8D61-8C79EE0FA645}"
EndProject
Global
	GlobalSection(SolutionConfigurationPlatforms) = preSolution
		Debug|Any CPU = Debug|Any CPU
		Release|Any CPU = Release|Any CPU
	EndGlobalSection
	GlobalSection(ProjectConfigurationPlatforms) = postSolution
		{C1CE5D83-EB07-4E82-8D61-8C79EE0FA645}.Debug|Any CPU.ActiveCfg = Debug|Any CPU
		{C1CE5D83-EB07-4E82-8D61-8C79EE0FA645}.Debug|Any CPU.Build.0 = Debug|Any CPU
		{C1CE5D83-EB07-4E82-8D61-8C79EE0FA645}.Release|Any CPU.ActiveCfg = Release|Any CPU
		{C1CE5D83-EB07-4E82-8D61-8C79EE0FA645}.Release|Any CPU.Build.0 = Release|Any CPU
	EndGlobalSection
	GlobalSection(SolutionProperties) = preSolution
		HideSolutionNode = FALSE
	EndGlobalSection
	GlobalSection(ExtensibilityGlobals) = postSolution
		SolutionGuid = {036D50DA-7755-4D4E-BAFA-6A22BE5DDD60}
	EndGlobalSection
EndGlobal
